
Microsoft Visual Studio Solution File, Format Version 12.00
# Visual Studio Version 17
VisualStudioVersion = 17.0.31903.59
MinimumVisualStudioVersion = 10.0.40219.1
Project("{FAE04EC0-301F-11D3-BF4B-00C04F79EFBC}") = "Dotnet6.TestArchitecture", "Dotnet6.TestArchitecture\Dotnet6.TestArchitecture.csproj", "{788D09FE-C774-46C8-9140-4A5D97D9504B}"
EndProject
Project("{FAE04EC0-301F-11D3-BF4B-00C04F79EFBC}") = "Dotnet6.TestArchitecture.Domain", "Dotnet6.TestArchitecture.Domain\Dotnet6.TestArchitecture.Domain.csproj", "{6EB78B8F-8FDF-4563-A59C-3135FE6B1298}"
EndProject
Global
	GlobalSection(SolutionConfigurationPlatforms) = preSolution
		Debug|Any CPU = Debug|Any CPU
		Release|Any CPU = Release|Any CPU
	EndGlobalSection
	GlobalSection(ProjectConfigurationPlatforms) = postSolution
		{788D09FE-C774-46C8-9140-4A5D97D9504B}.Debug|Any CPU.ActiveCfg = Debug|Any CPU
		{788D09FE-C774-46C8-9140-4A5D97D9504B}.Debug|Any CPU.Build.0 = Debug|Any CPU
		{788D09FE-C774-46C8-9140-4A5D97D9504B}.Release|Any CPU.ActiveCfg = Release|Any CPU
		{788D09FE-C774-46C8-9140-4A5D97D9504B}.Release|Any CPU.Build.0 = Release|Any CPU
		{6EB78B8F-8FDF-4563-A59C-3135FE6B1298}.Debug|Any CPU.ActiveCfg = Debug|Any CPU
		{6EB78B8F-8FDF-4563-A59C-3135FE6B1298}.Debug|Any CPU.Build.0 = Debug|Any CPU
		{6EB78B8F-8FDF-4563-A59C-3135FE6B1298}.Release|Any CPU.ActiveCfg = Release|Any CPU
		{6EB78B8F-8FDF-4563-A59C-3135FE6B1298}.Release|Any CPU.Build.0 = Release|Any CPU
	EndGlobalSection
	GlobalSection(SolutionProperties) = preSolution
		HideSolutionNode = FALSE
	EndGlobalSection
	GlobalSection(ExtensibilityGlobals) = postSolution
		SolutionGuid = {B9ED4DBE-31DB-429D-B0A5-5055D0F3FE65}
	EndGlobalSection
EndGlobal
